
Microsoft Visual Studio Solution File, Format Version 12.00
# Visual Studio Version 17
VisualStudioVersion = 17.8.34408.163
MinimumVisualStudioVersion = 10.0.40219.1
Project("{FAE04EC0-301F-11D3-BF4B-00C04F79EFBC}") = "A1_Shruti_Patel_4438", "A1_Shruti_Patel_4438\A1_Shruti_Patel_4438.csproj", "{3DE9DD71-EA8F-42F7-8F3C-8B318265EB79}"
EndProject
Global
	GlobalSection(SolutionConfigurationPlatforms) = preSolution
		Debug|Any CPU = Debug|Any CPU
		Release|Any CPU = Release|Any CPU
	EndGlobalSection
	GlobalSection(ProjectConfigurationPlatforms) = postSolution
		{3DE9DD71-EA8F-42F7-8F3C-8B318265EB79}.Debug|Any CPU.ActiveCfg = Debug|Any CPU
		{3DE9DD71-EA8F-42F7-8F3C-8B318265EB79}.Debug|Any CPU.Build.0 = Debug|Any CPU
		{3DE9DD71-EA8F-42F7-8F3C-8B318265EB79}.Release|Any CPU.ActiveCfg = Release|Any CPU
		{3DE9DD71-EA8F-42F7-8F3C-8B318265EB79}.Release|Any CPU.Build.0 = Release|Any CPU
	EndGlobalSection
	GlobalSection(SolutionProperties) = preSolution
		HideSolutionNode = FALSE
	EndGlobalSection
	GlobalSection(ExtensibilityGlobals) = postSolution
		SolutionGuid = {E01F6BC4-8037-48A3-A748-46DCA6D51FBB}
	EndGlobalSection
EndGlobal
